
Microsoft Visual Studio Solution File, Format Version 12.00
# Visual Studio Version 16
VisualStudioVersion = 16.0.31911.196
MinimumVisualStudioVersion = 10.0.40219.1
Project("{8BC9CEB8-8B4A-11D0-8D11-00A0C91BC942}") = "pvr-tuner", "pvr-tuner\pvr-tuner.vcxproj", "{12D0A36D-3F0A-4571-B0B8-8DDF5DBCE5A0}"
EndProject
Global
	GlobalSection(SolutionConfigurationPlatforms) = preSolution
		Debug|x64 = Debug|x64
		Release|x64 = Release|x64
	EndGlobalSection
	GlobalSection(ProjectConfigurationPlatforms) = postSolution
		{12D0A36D-3F0A-4571-B0B8-8DDF5DBCE5A0}.Debug|x64.ActiveCfg = Debug|x64
		{12D0A36D-3F0A-4571-B0B8-8DDF5DBCE5A0}.Debug|x64.Build.0 = Debug|x64
		{12D0A36D-3F0A-4571-B0B8-8DDF5DBCE5A0}.Release|x64.ActiveCfg = Release|x64
		{12D0A36D-3F0A-4571-B0B8-8DDF5DBCE5A0}.Release|x64.Build.0 = Release|x64
	EndGlobalSection
	GlobalSection(SolutionProperties) = preSolution
		HideSolutionNode = FALSE
	EndGlobalSection
	GlobalSection(ExtensibilityGlobals) = postSolution
		SolutionGuid = {8C5C2316-5F7E-43B4-8C8D-8C2D323A19F9}
	EndGlobalSection
EndGlobal
